
Microsoft Visual Studio Solution File, Format Version 12.00
# Visual Studio Version 17
VisualStudioVersion = 17.5.002.0
MinimumVisualStudioVersion = 10.0.40219.1
Project("{9A19103F-16F7-4668-BE54-9A1E7A4F7556}") = "WorkingDays", "WorkingDays.csproj", "{E26C1BC2-EDA1-4BFB-B3AD-4B3F28980A8E}"
EndProject
Global
	GlobalSection(SolutionConfigurationPlatforms) = preSolution
		Debug|Any CPU = Debug|Any CPU
		Release|Any CPU = Release|Any CPU
	EndGlobalSection
	GlobalSection(ProjectConfigurationPlatforms) = postSolution
		{E26C1BC2-EDA1-4BFB-B3AD-4B3F28980A8E}.Debug|Any CPU.ActiveCfg = Debug|Any CPU
		{E26C1BC2-EDA1-4BFB-B3AD-4B3F28980A8E}.Debug|Any CPU.Build.0 = Debug|Any CPU
		{E26C1BC2-EDA1-4BFB-B3AD-4B3F28980A8E}.Release|Any CPU.ActiveCfg = Release|Any CPU
		{E26C1BC2-EDA1-4BFB-B3AD-4B3F28980A8E}.Release|Any CPU.Build.0 = Release|Any CPU
	EndGlobalSection
	GlobalSection(SolutionProperties) = preSolution
		HideSolutionNode = FALSE
	EndGlobalSection
	GlobalSection(ExtensibilityGlobals) = postSolution
		SolutionGuid = {0354F386-7869-4EC5-A9B3-156645ED6F01}
	EndGlobalSection
EndGlobal
